
Microsoft Visual Studio Solution File, Format Version 12.00
# Visual Studio Version 17
VisualStudioVersion = 17.12.35521.163 d17.12
MinimumVisualStudioVersion = 10.0.40219.1
Project("{FAE04EC0-301F-11D3-BF4B-00C04F79EFBC}") = "InventoryManager", "InventoryManager\InventoryManager.csproj", "{00840E9E-FD04-4D7A-8879-1C13D305D61C}"
EndProject
Project("{FAE04EC0-301F-11D3-BF4B-00C04F79EFBC}") = "InventoryManager.Desktop", "InventoryManager.Desktop\InventoryManager.Desktop.csproj", "{5C631FB4-BAAE-4181-A456-78397048A040}"
EndProject
Global
	GlobalSection(SolutionConfigurationPlatforms) = preSolution
		Debug|Any CPU = Debug|Any CPU
		Release|Any CPU = Release|Any CPU
	EndGlobalSection
	GlobalSection(ProjectConfigurationPlatforms) = postSolution
		{00840E9E-FD04-4D7A-8879-1C13D305D61C}.Debug|Any CPU.ActiveCfg = Debug|Any CPU
		{00840E9E-FD04-4D7A-8879-1C13D305D61C}.Debug|Any CPU.Build.0 = Debug|Any CPU
		{00840E9E-FD04-4D7A-8879-1C13D305D61C}.Release|Any CPU.ActiveCfg = Release|Any CPU
		{00840E9E-FD04-4D7A-8879-1C13D305D61C}.Release|Any CPU.Build.0 = Release|Any CPU
		{5C631FB4-BAAE-4181-A456-78397048A040}.Debug|Any CPU.ActiveCfg = Debug|Any CPU
		{5C631FB4-BAAE-4181-A456-78397048A040}.Debug|Any CPU.Build.0 = Debug|Any CPU
		{5C631FB4-BAAE-4181-A456-78397048A040}.Release|Any CPU.ActiveCfg = Release|Any CPU
		{5C631FB4-BAAE-4181-A456-78397048A040}.Release|Any CPU.Build.0 = Release|Any CPU
	EndGlobalSection
	GlobalSection(SolutionProperties) = preSolution
		HideSolutionNode = FALSE
	EndGlobalSection
EndGlobal
